
Microsoft Visual Studio Solution File, Format Version 12.00
# Visual Studio 15
VisualStudioVersion = 15.0.27703.2026
MinimumVisualStudioVersion = 10.0.40219.1
Project("{F184B08F-C81C-45F6-A57F-5ABD9991F28F}") = "webNotfication", "webNotfication\webNotfication.vbproj", "{EE0C814D-B160-45B2-830B-D11FB7D550F3}"
EndProject
Global
	GlobalSection(SolutionConfigurationPlatforms) = preSolution
		Debug|Any CPU = Debug|Any CPU
		Release|Any CPU = Release|Any CPU
	EndGlobalSection
	GlobalSection(ProjectConfigurationPlatforms) = postSolution
		{EE0C814D-B160-45B2-830B-D11FB7D550F3}.Debug|Any CPU.ActiveCfg = Debug|Any CPU
		{EE0C814D-B160-45B2-830B-D11FB7D550F3}.Debug|Any CPU.Build.0 = Debug|Any CPU
		{EE0C814D-B160-45B2-830B-D11FB7D550F3}.Release|Any CPU.ActiveCfg = Release|Any CPU
		{EE0C814D-B160-45B2-830B-D11FB7D550F3}.Release|Any CPU.Build.0 = Release|Any CPU
	EndGlobalSection
	GlobalSection(SolutionProperties) = preSolution
		HideSolutionNode = FALSE
	EndGlobalSection
	GlobalSection(ExtensibilityGlobals) = postSolution
		SolutionGuid = {FE124336-B07E-4F0D-AA5A-703C2F8074BB}
	EndGlobalSection
EndGlobal
